
Microsoft Visual Studio Solution File, Format Version 12.00
# Visual Studio Version 16
VisualStudioVersion = 16.0.28803.352
MinimumVisualStudioVersion = 10.0.40219.1
Project("{8BC9CEB8-8B4A-11D0-8D11-00A0C91BC942}") = "1213-01電話帳", "1213-01電話帳\1213-01電話帳.vcxproj", "{C3F0C3AB-9C64-4D3D-9FFD-4CDD9E5894EA}"
EndProject
Global
	GlobalSection(SolutionConfigurationPlatforms) = preSolution
		Debug|x64 = Debug|x64
		Debug|x86 = Debug|x86
		Release|x64 = Release|x64
		Release|x86 = Release|x86
	EndGlobalSection
	GlobalSection(ProjectConfigurationPlatforms) = postSolution
		{C3F0C3AB-9C64-4D3D-9FFD-4CDD9E5894EA}.Debug|x64.ActiveCfg = Debug|x64
		{C3F0C3AB-9C64-4D3D-9FFD-4CDD9E5894EA}.Debug|x64.Build.0 = Debug|x64
		{C3F0C3AB-9C64-4D3D-9FFD-4CDD9E5894EA}.Debug|x86.ActiveCfg = Debug|Win32
		{C3F0C3AB-9C64-4D3D-9FFD-4CDD9E5894EA}.Debug|x86.Build.0 = Debug|Win32
		{C3F0C3AB-9C64-4D3D-9FFD-4CDD9E5894EA}.Release|x64.ActiveCfg = Release|x64
		{C3F0C3AB-9C64-4D3D-9FFD-4CDD9E5894EA}.Release|x64.Build.0 = Release|x64
		{C3F0C3AB-9C64-4D3D-9FFD-4CDD9E5894EA}.Release|x86.ActiveCfg = Release|Win32
		{C3F0C3AB-9C64-4D3D-9FFD-4CDD9E5894EA}.Release|x86.Build.0 = Release|Win32
	EndGlobalSection
	GlobalSection(SolutionProperties) = preSolution
		HideSolutionNode = FALSE
	EndGlobalSection
	GlobalSection(ExtensibilityGlobals) = postSolution
		SolutionGuid = {BC68F0E7-06FD-45A1-9C97-95896434588B}
	EndGlobalSection
EndGlobal
